
Microsoft Visual Studio Solution File, Format Version 12.00
# Visual Studio Version 17
VisualStudioVersion = 17.13.35931.197 d17.13
MinimumVisualStudioVersion = 10.0.40219.1
Project("{FAE04EC0-301F-11D3-BF4B-00C04F79EFBC}") = "ValheimMod_Bootconfig", "ValheimMod_Bootconfig.csproj", "{C8D2CC1C-5B98-403D-9D74-DE030697F7DA}"
EndProject
Global
	GlobalSection(SolutionConfigurationPlatforms) = preSolution
		Debug|Any CPU = Debug|Any CPU
		Release|Any CPU = Release|Any CPU
	EndGlobalSection
	GlobalSection(ProjectConfigurationPlatforms) = postSolution
		{C8D2CC1C-5B98-403D-9D74-DE030697F7DA}.Debug|Any CPU.ActiveCfg = Debug|Any CPU
		{C8D2CC1C-5B98-403D-9D74-DE030697F7DA}.Debug|Any CPU.Build.0 = Debug|Any CPU
		{C8D2CC1C-5B98-403D-9D74-DE030697F7DA}.Release|Any CPU.ActiveCfg = Release|Any CPU
		{C8D2CC1C-5B98-403D-9D74-DE030697F7DA}.Release|Any CPU.Build.0 = Release|Any CPU
	EndGlobalSection
	GlobalSection(SolutionProperties) = preSolution
		HideSolutionNode = FALSE
	EndGlobalSection
	GlobalSection(ExtensibilityGlobals) = postSolution
		SolutionGuid = {0C2338D5-6A09-4CEB-93BB-A0FE1FF0D525}
	EndGlobalSection
EndGlobal
